PODS:
  - DJI-SDK-iOS (4.9.1)
  - DJIWidget (1.2)
  - MarqueeLabel/Swift (3.2.0)
  - NotificationBannerSwift (2.0.1):
    - MarqueeLabel/Swift (~> 3.2.0)
    - SnapKit (~> 4.2.0)
  - SnapKit (4.2.0)

DEPENDENCIES:
  - DJI-SDK-iOS (~> 4.9.1)
  - DJIWidget (~> 1.2)
  - NotificationBannerSwift

SPEC REPOS:
  https://github.com/cocoapods/specs.git:
    - DJI-SDK-iOS
    - DJIWidget
    - MarqueeLabel
    - NotificationBannerSwift
    - SnapKit

SPEC CHECKSUMS:
  DJI-SDK-iOS: 2c7f4cc888909dd0996c4ae38bb25b979d76ce19
  DJIWidget: 4559d2f4ccaa499a7bd2cdc98658f35d78d20357
  MarqueeLabel: 440a502b91a9179bd98f9fff00ba1150650a1c0e
  NotificationBannerSwift: 007774aa590cc9680647b92b2f217bef5c00c32c
  SnapKit: fe8a619752f3f27075cc9a90244d75c6c3f27e2a

PODFILE CHECKSUM: d907ba18562208ff0e3977ca80a2fa7471e224c3

COCOAPODS: 1.5.3
